
Microsoft Visual Studio Solution File, Format Version 12.00
# Visual Studio Version 17
VisualStudioVersion = 17.5.002.0
MinimumVisualStudioVersion = 10.0.40219.1
Project("{9A19103F-16F7-4668-BE54-9A1E7A4F7556}") = "SpendWiseWebApp", "SpendWiseWebApp\SpendWiseWebApp.csproj", "{488768E1-777A-49DE-8EFF-047B26A5DB45}"
EndProject
Project("{FAE04EC0-301F-11D3-BF4B-00C04F79EFBC}") = "spendwisebase", "spendwisebase\spendwisebase.csproj", "{D8C499CF-923D-49DC-88A3-C299D1CADC96}"
EndProject
Global
	GlobalSection(SolutionConfigurationPlatforms) = preSolution
		Debug|Any CPU = Debug|Any CPU
		Release|Any CPU = Release|Any CPU
	EndGlobalSection
	GlobalSection(ProjectConfigurationPlatforms) = postSolution
		{ED4F50B8-D850-43F7-94AD-034DDE5043C0}.Debug|Any CPU.ActiveCfg = Debug|Any CPU
		{ED4F50B8-D850-43F7-94AD-034DDE5043C0}.Debug|Any CPU.Build.0 = Debug|Any CPU
		{ED4F50B8-D850-43F7-94AD-034DDE5043C0}.Release|Any CPU.ActiveCfg = Release|Any CPU
		{ED4F50B8-D850-43F7-94AD-034DDE5043C0}.Release|Any CPU.Build.0 = Release|Any CPU
		{488768E1-777A-49DE-8EFF-047B26A5DB45}.Debug|Any CPU.ActiveCfg = Debug|Any CPU
		{488768E1-777A-49DE-8EFF-047B26A5DB45}.Debug|Any CPU.Build.0 = Debug|Any CPU
		{488768E1-777A-49DE-8EFF-047B26A5DB45}.Release|Any CPU.ActiveCfg = Release|Any CPU
		{488768E1-777A-49DE-8EFF-047B26A5DB45}.Release|Any CPU.Build.0 = Release|Any CPU
		{D8C499CF-923D-49DC-88A3-C299D1CADC96}.Debug|Any CPU.ActiveCfg = Debug|Any CPU
		{D8C499CF-923D-49DC-88A3-C299D1CADC96}.Debug|Any CPU.Build.0 = Debug|Any CPU
		{D8C499CF-923D-49DC-88A3-C299D1CADC96}.Release|Any CPU.ActiveCfg = Release|Any CPU
		{D8C499CF-923D-49DC-88A3-C299D1CADC96}.Release|Any CPU.Build.0 = Release|Any CPU
	EndGlobalSection
	GlobalSection(SolutionProperties) = preSolution
		HideSolutionNode = FALSE
	EndGlobalSection
	GlobalSection(ExtensibilityGlobals) = postSolution
		
		SolutionGuid = {EF3B9504-F129-465F-BB4E-048A84C89EE5}
		
		SolutionGuid = {43B6B443-E3A3-406F-A838-7B7430485680}
		
	EndGlobalSection
EndGlobal
